
Microsoft Visual Studio Solution File, Format Version 12.00
# Visual Studio 15
VisualStudioVersion = 15.0.28307.779
MinimumVisualStudioVersion = 10.0.40219.1
Project("{FAE04EC0-301F-11D3-BF4B-00C04F79EFBC}") = "SchoolForTesting", "SchoolForTesting\SchoolForTesting.csproj", "{5DF15CA1-1381-4CF5-A480-4072708B3592}"
EndProject
Project("{FAE04EC0-301F-11D3-BF4B-00C04F79EFBC}") = "SchoolTest", "SchoolTest\SchoolTest.csproj", "{049FF9B0-D89C-46BA-8EA5-4D8400625119}"
EndProject
Global
	GlobalSection(SolutionConfigurationPlatforms) = preSolution
		Debug|Any CPU = Debug|Any CPU
		Release|Any CPU = Release|Any CPU
	EndGlobalSection
	GlobalSection(ProjectConfigurationPlatforms) = postSolution
		{5DF15CA1-1381-4CF5-A480-4072708B3592}.Debug|Any CPU.ActiveCfg = Debug|Any CPU
		{5DF15CA1-1381-4CF5-A480-4072708B3592}.Debug|Any CPU.Build.0 = Debug|Any CPU
		{5DF15CA1-1381-4CF5-A480-4072708B3592}.Release|Any CPU.ActiveCfg = Release|Any CPU
		{5DF15CA1-1381-4CF5-A480-4072708B3592}.Release|Any CPU.Build.0 = Release|Any CPU
		{049FF9B0-D89C-46BA-8EA5-4D8400625119}.Debug|Any CPU.ActiveCfg = Debug|Any CPU
		{049FF9B0-D89C-46BA-8EA5-4D8400625119}.Debug|Any CPU.Build.0 = Debug|Any CPU
		{049FF9B0-D89C-46BA-8EA5-4D8400625119}.Release|Any CPU.ActiveCfg = Release|Any CPU
		{049FF9B0-D89C-46BA-8EA5-4D8400625119}.Release|Any CPU.Build.0 = Release|Any CPU
	EndGlobalSection
	GlobalSection(SolutionProperties) = preSolution
		HideSolutionNode = FALSE
	EndGlobalSection
	GlobalSection(ExtensibilityGlobals) = postSolution
		SolutionGuid = {48BE9D3E-346A-40A3-948A-F5F2256D0ECA}
	EndGlobalSection
EndGlobal
